{
  "nodes": {
    "containerImageApache": {
      "inputs": {
        "majordomo": "majordomo",
        "nixpkgs": "nixpkgs_2"
      },
      "locked": {
        "lastModified": 1650434673,
        "narHash": "sha256-F01vbrUtYl6F6/Qo2zB89eGEFnJBm7i7MM1HcFAznSs=",
        "ref": "master",
        "rev": "fee29743780097737a3220dd37186ad14906c537",
        "revCount": 105,
        "type": "git",
        "url": "https://gitlab.intr/webservices/apache2-php74.git"
      },
      "original": {
        "type": "git",
        "url": "https://gitlab.intr/webservices/apache2-php74.git"
      }
    },
    "flake-compat": {
      "flake": false,
      "locked": {
        "lastModified": 1606424373,
        "narHash": "sha256-oq8d4//CJOrVj+EcOaSXvMebvuTkmBJuT5tzlfewUnQ=",
        "owner": "edolstra",
        "repo": "flake-compat",
        "rev": "99f1c2157fba4bfe6211a321fd0ee43199025dbf",
        "type": "github"
      },
      "original": {
        "owner": "edolstra",
        "repo": "flake-compat",
        "type": "github"
      }
    },
    "flake-compat_2": {
      "flake": false,
      "locked": {
        "lastModified": 1606424373,
        "narHash": "sha256-oq8d4//CJOrVj+EcOaSXvMebvuTkmBJuT5tzlfewUnQ=",
        "owner": "edolstra",
        "repo": "flake-compat",
        "rev": "99f1c2157fba4bfe6211a321fd0ee43199025dbf",
        "type": "github"
      },
      "original": {
        "owner": "edolstra",
        "repo": "flake-compat",
        "type": "github"
      }
    },
    "flake-utils": {
      "locked": {
        "lastModified": 1649676176,
        "narHash": "sha256-OWKJratjt2RW151VUlJPRALb7OU2S5s+f0vLj4o1bHM=",
        "owner": "numtide",
        "repo": "flake-utils",
        "rev": "a4b154ebbdc88c8498a5c7b01589addc9e9cb678",
        "type": "github"
      },
      "original": {
        "owner": "numtide",
        "repo": "flake-utils",
        "type": "github"
      }
    },
    "flake-utils_2": {
      "locked": {
        "lastModified": 1649676176,
        "narHash": "sha256-OWKJratjt2RW151VUlJPRALb7OU2S5s+f0vLj4o1bHM=",
        "owner": "numtide",
        "repo": "flake-utils",
        "rev": "a4b154ebbdc88c8498a5c7b01589addc9e9cb678",
        "type": "github"
      },
      "original": {
        "owner": "numtide",
        "repo": "flake-utils",
        "type": "github"
      }
    },
    "majordomo": {
      "inputs": {
        "flake-compat": "flake-compat",
        "nixpkgs": "nixpkgs",
        "nixpkgs-deprecated": "nixpkgs-deprecated",
        "nixpkgs-php81": "nixpkgs-php81",
        "nixpkgs-stable": "nixpkgs-stable",
        "nixpkgs-unstable": "nixpkgs-unstable",
        "shared-http-errors": "shared-http-errors"
      },
      "locked": {
        "lastModified": 1650417581,
        "narHash": "sha256-+78Zmtd0WZht180MoNsJTXc+zsXpetinEVRF5ba/DPc=",
        "ref": "master",
        "rev": "2104ac20f89e67c6cea2fec44f520670bc5eba36",
        "revCount": 934,
        "type": "git",
        "url": "https://gitlab.intr/_ci/nixpkgs"
      },
      "original": {
        "type": "git",
        "url": "https://gitlab.intr/_ci/nixpkgs"
      }
    },
    "majordomo_2": {
      "inputs": {
        "flake-compat": "flake-compat_2",
        "nixpkgs": "nixpkgs_3",
        "nixpkgs-deprecated": "nixpkgs-deprecated_2",
        "nixpkgs-php81": "nixpkgs-php81_2",
        "nixpkgs-stable": "nixpkgs-stable_2",
        "nixpkgs-unstable": "nixpkgs-unstable_2",
        "shared-http-errors": "shared-http-errors_2"
      },
      "locked": {
        "lastModified": 1650891334,
        "narHash": "sha256-FIL5BoP6O8gs1eSFVZEDYm3m4vvyW/JE26OZKWLWgwY=",
        "ref": "master",
        "rev": "ba36dc6043b499fff9e108645e135742d15f262d",
        "revCount": 938,
        "type": "git",
        "url": "https://gitlab.intr/_ci/nixpkgs"
      },
      "original": {
        "type": "git",
        "url": "https://gitlab.intr/_ci/nixpkgs"
      }
    },
    "nixpkgs": {
      "flake": false,
      "locked": {
        "lastModified": 1570630026,
        "narHash": "sha256-IjHyx3uz9jYBh5R9v6lea5Hd/F6iYTBcyHkXHwSGGFY=",
        "owner": "NixOS",
        "repo": "nixpkgs",
        "rev": "d5291756487d70bc336e33512a9baf9fa1788faf",
        "type": "github"
      },
      "original": {
        "owner": "NixOS",
        "ref": "19.09",
        "repo": "nixpkgs",
        "type": "github"
      }
    },
    "nixpkgs-deprecated": {
      "flake": false,
      "locked": {
        "lastModified": 1443642366,
        "narHash": "sha256-VuzP9RfndgC6yhL2U8X6stGULoOHr1HcscympKUgwV4=",
        "owner": "NixOS",
        "repo": "nixpkgs",
        "rev": "9c31c72cafe536e0c21238b2d47a23bfe7d1b033",
        "type": "github"
      },
      "original": {
        "owner": "NixOS",
        "ref": "15.09",
        "repo": "nixpkgs",
        "type": "github"
      }
    },
    "nixpkgs-deprecated_2": {
      "flake": false,
      "locked": {
        "lastModified": 1443642366,
        "narHash": "sha256-VuzP9RfndgC6yhL2U8X6stGULoOHr1HcscympKUgwV4=",
        "owner": "NixOS",
        "repo": "nixpkgs",
        "rev": "9c31c72cafe536e0c21238b2d47a23bfe7d1b033",
        "type": "github"
      },
      "original": {
        "owner": "NixOS",
        "ref": "15.09",
        "repo": "nixpkgs",
        "type": "github"
      }
    },
    "nixpkgs-php81": {
      "locked": {
        "lastModified": 1638397275,
        "narHash": "sha256-2Jos1CJFTMO9IbulbM4PTKn24nISIDQCAG/AqYQ8rmg=",
        "owner": "NixOS",
        "repo": "nixpkgs",
        "rev": "391f93a83c3a486475d60eb4a569bb6afbf306ad",
        "type": "github"
      },
      "original": {
        "id": "nixpkgs",
        "ref": "nixpkgs-unstable",
        "type": "indirect"
      }
    },
    "nixpkgs-php81_2": {
      "locked": {
        "lastModified": 1638397275,
        "narHash": "sha256-2Jos1CJFTMO9IbulbM4PTKn24nISIDQCAG/AqYQ8rmg=",
        "owner": "NixOS",
        "repo": "nixpkgs",
        "rev": "391f93a83c3a486475d60eb4a569bb6afbf306ad",
        "type": "github"
      },
      "original": {
        "id": "nixpkgs",
        "ref": "nixpkgs-unstable",
        "type": "indirect"
      }
    },
    "nixpkgs-stable": {
      "locked": {
        "lastModified": 1606789930,
        "narHash": "sha256-fIDdUZHX6OnErpv+ZXEM/479z8WKNyNX9ALsHQpjoeA=",
        "owner": "NixOS",
        "repo": "nixpkgs",
        "rev": "2fbcd0b9df95306199407e36a038d2cc3aa24786",
        "type": "github"
      },
      "original": {
        "id": "nixpkgs",
        "ref": "nixos-20.09",
        "type": "indirect"
      }
    },
    "nixpkgs-stable_2": {
      "locked": {
        "lastModified": 1606789930,
        "narHash": "sha256-fIDdUZHX6OnErpv+ZXEM/479z8WKNyNX9ALsHQpjoeA=",
        "owner": "NixOS",
        "repo": "nixpkgs",
        "rev": "2fbcd0b9df95306199407e36a038d2cc3aa24786",
        "type": "github"
      },
      "original": {
        "id": "nixpkgs",
        "ref": "nixos-20.09",
        "type": "indirect"
      }
    },
    "nixpkgs-unstable": {
      "locked": {
        "lastModified": 1648219316,
        "narHash": "sha256-Ctij+dOi0ZZIfX5eMhgwugfvB+WZSrvVNAyAuANOsnQ=",
        "owner": "NixOS",
        "repo": "nixpkgs",
        "rev": "30d3d79b7d3607d56546dd2a6b49e156ba0ec634",
        "type": "github"
      },
      "original": {
        "id": "nixpkgs",
        "ref": "nixpkgs-unstable",
        "type": "indirect"
      }
    },
    "nixpkgs-unstable_2": {
      "locked": {
        "lastModified": 1648219316,
        "narHash": "sha256-Ctij+dOi0ZZIfX5eMhgwugfvB+WZSrvVNAyAuANOsnQ=",
        "owner": "NixOS",
        "repo": "nixpkgs",
        "rev": "30d3d79b7d3607d56546dd2a6b49e156ba0ec634",
        "type": "github"
      },
      "original": {
        "id": "nixpkgs",
        "ref": "nixpkgs-unstable",
        "type": "indirect"
      }
    },
    "nixpkgs_2": {
      "locked": {
        "lastModified": 1607343071,
        "narHash": "sha256-kREtUj0DpuBAb2ArYHvcwhN1WX9KBLiGVFT9KWtnU40=",
        "owner": "NixOS",
        "repo": "nixpkgs",
        "rev": "a817ce3adac8057216fa27326bf8c36e19a04fa6",
        "type": "github"
      },
      "original": {
        "id": "nixpkgs",
        "type": "indirect"
      }
    },
    "nixpkgs_3": {
      "flake": false,
      "locked": {
        "lastModified": 1570630026,
        "narHash": "sha256-IjHyx3uz9jYBh5R9v6lea5Hd/F6iYTBcyHkXHwSGGFY=",
        "owner": "NixOS",
        "repo": "nixpkgs",
        "rev": "d5291756487d70bc336e33512a9baf9fa1788faf",
        "type": "github"
      },
      "original": {
        "owner": "NixOS",
        "ref": "19.09",
        "repo": "nixpkgs",
        "type": "github"
      }
    },
    "nixpkgs_4": {
      "locked": {
        "lastModified": 1650937716,
        "narHash": "sha256-3Tuspfl36JKnQekMVII3kiL2afj+ngPY2iPVN3zeReU=",
        "owner": "NixOS",
        "repo": "nixpkgs",
        "rev": "293a5455f31039a590cca0b844d134736fedae46",
        "type": "github"
      },
      "original": {
        "id": "nixpkgs",
        "type": "indirect"
      }
    },
    "root": {
      "inputs": {
        "containerImageApache": "containerImageApache",
        "majordomo": "majordomo_2",
        "nixpkgs": "nixpkgs_4"
      }
    },
    "shared-http-errors": {
      "inputs": {
        "flake-utils": "flake-utils",
        "nixpkgs": [
          "majordomo",
          "nixpkgs-unstable"
        ]
      },
      "locked": {
        "lastModified": 1650417385,
        "narHash": "sha256-5bjOybohmVic3or6heD75NTlJ+PkXxZKxrz0UcaDpno=",
        "ref": "master",
        "rev": "3e353d0400138563e62dfca946b013706277a843",
        "revCount": 15,
        "type": "git",
        "url": "https://gitlab.intr/shared/http_errors.git"
      },
      "original": {
        "type": "git",
        "url": "https://gitlab.intr/shared/http_errors.git"
      }
    },
    "shared-http-errors_2": {
      "inputs": {
        "flake-utils": "flake-utils_2",
        "nixpkgs": [
          "majordomo",
          "nixpkgs-unstable"
        ]
      },
      "locked": {
        "lastModified": 1650417385,
        "narHash": "sha256-5bjOybohmVic3or6heD75NTlJ+PkXxZKxrz0UcaDpno=",
        "ref": "master",
        "rev": "3e353d0400138563e62dfca946b013706277a843",
        "revCount": 15,
        "type": "git",
        "url": "https://gitlab.intr/shared/http_errors.git"
      },
      "original": {
        "type": "git",
        "url": "https://gitlab.intr/shared/http_errors.git"
      }
    }
  },
  "root": "root",
  "version": 7
}
